Microsoft Visual Studio Solution File, Format Version 12.00
# Visual Studio Version 17
VisualStudioVersion = 17.2.32526.322
MinimumVisualStudioVersion = 10.0.40219.1
Project("{9A19103F-16F7-4668-BE54-9A1E7A4F7556}") = "lab4", "lab4\lab4.csproj", "{7C355EF1-C4B7-4FE6-8E4F-E74811CD7C74}"
EndProject
Project("{9A19103F-16F7-4668-BE54-9A1E7A4F7556}") = "ESC", "CommonFiles\ESC\ESC.csproj", "{82EA809E-416D-4B6C-81CB-596E6C7A38A6}"
EndProject
Project("{9A19103F-16F7-4668-BE54-9A1E7A4F7556}") = "GUI", "CommonFiles\GUI\GUI.csproj", "{74BC9B5E-CF17-4F8E-8CB4-E6826A346A75}"
EndProject
Project("{9A19103F-16F7-4668-BE54-9A1E7A4F7556}") = "lab2", "lab2\lab2.csproj", "{A1982FC5-3FC6-40D2-A2C3-1B2700633E03}"
EndProject
Project("{9A19103F-16F7-4668-BE54-9A1E7A4F7556}") = "lab3", "lab3\lab3.csproj", "{C211898C-E969-407A-91D0-EA5DC0BE8A02}"
EndProject
Project("{9A19103F-16F7-4668-BE54-9A1E7A4F7556}") = "ESCDX", "CommonFilesDirectX\ESC\ESCDX.csproj", "{8CCB81F6-B046-4496-B581-CB6E18AA03FC}"
EndProject
Project("{9A19103F-16F7-4668-BE54-9A1E7A4F7556}") = "Viewport", "Viewport\Viewport.csproj", "{B2EF34EB-607F-45B0-9D4E-A887DAFCD5C5}"
EndProject
Project("{9A19103F-16F7-4668-BE54-9A1E7A4F7556}") = "Geometry", "Geometry\Geometry.csproj", "{A77960E2-96E2-441C-AB77-533A7EA8CD08}"
EndProject
Project("{9A19103F-16F7-4668-BE54-9A1E7A4F7556}") = "Shaders", "ShadersTask\Shaders.csproj", "{8859DA4C-BCFB-4789-8B6D-C6EDAA64EBE5}"
EndProject
Project("{FAE04EC0-301F-11D3-BF4B-00C04F79EFBC}") = "FormTemplate", "FormTemplate\FormTemplate.csproj", "{49827F28-DA38-4662-A854-31D86478B360}"
EndProject
Project("{9A19103F-16F7-4668-BE54-9A1E7A4F7556}") = "GridVisualization", "GridVisualization\GridVisualization.csproj", "{24C3B0EC-4108-4D7F-97E9-AE57B679B40E}"
EndProject
Global
	GlobalSection(SolutionConfigurationPlatforms) = preSolution
		Debug|Any CPU = Debug|Any CPU
		Debug|x86 = Debug|x86
		Release|Any CPU = Release|Any CPU
		Release|x86 = Release|x86
	EndGlobalSection
	GlobalSection(ProjectConfigurationPlatforms) = postSolution
		{7C355EF1-C4B7-4FE6-8E4F-E74811CD7C74}.Debug|Any CPU.ActiveCfg = Debug|Any CPU
		{7C355EF1-C4B7-4FE6-8E4F-E74811CD7C74}.Debug|Any CPU.Build.0 = Debug|Any CPU
		{7C355EF1-C4B7-4FE6-8E4F-E74811CD7C74}.Debug|x86.ActiveCfg = Debug|x86
		{7C355EF1-C4B7-4FE6-8E4F-E74811CD7C74}.Debug|x86.Build.0 = Debug|x86
		{7C355EF1-C4B7-4FE6-8E4F-E74811CD7C74}.Release|Any CPU.ActiveCfg = Release|Any CPU
		{7C355EF1-C4B7-4FE6-8E4F-E74811CD7C74}.Release|Any CPU.Build.0 = Release|Any CPU
		{7C355EF1-C4B7-4FE6-8E4F-E74811CD7C74}.Release|x86.ActiveCfg = Release|x86
		{7C355EF1-C4B7-4FE6-8E4F-E74811CD7C74}.Release|x86.Build.0 = Release|x86
		{82EA809E-416D-4B6C-81CB-596E6C7A38A6}.Debug|Any CPU.ActiveCfg = Debug|Any CPU
		{82EA809E-416D-4B6C-81CB-596E6C7A38A6}.Debug|Any CPU.Build.0 = Debug|Any CPU
		{82EA809E-416D-4B6C-81CB-596E6C7A38A6}.Debug|x86.ActiveCfg = Debug|Any CPU
		{82EA809E-416D-4B6C-81CB-596E6C7A38A6}.Debug|x86.Build.0 = Debug|Any CPU
		{82EA809E-416D-4B6C-81CB-596E6C7A38A6}.Release|Any CPU.ActiveCfg = Release|Any CPU
		{82EA809E-416D-4B6C-81CB-596E6C7A38A6}.Release|Any CPU.Build.0 = Release|Any CPU
		{82EA809E-416D-4B6C-81CB-596E6C7A38A6}.Release|x86.ActiveCfg = Release|Any CPU
		{82EA809E-416D-4B6C-81CB-596E6C7A38A6}.Release|x86.Build.0 = Release|Any CPU
		{74BC9B5E-CF17-4F8E-8CB4-E6826A346A75}.Debug|Any CPU.ActiveCfg = Debug|Any CPU
		{74BC9B5E-CF17-4F8E-8CB4-E6826A346A75}.Debug|Any CPU.Build.0 = Debug|Any CPU
		{74BC9B5E-CF17-4F8E-8CB4-E6826A346A75}.Debug|x86.ActiveCfg = Debug|Any CPU
		{74BC9B5E-CF17-4F8E-8CB4-E6826A346A75}.Debug|x86.Build.0 = Debug|Any CPU
		{74BC9B5E-CF17-4F8E-8CB4-E6826A346A75}.Release|Any CPU.ActiveCfg = Release|Any CPU
		{74BC9B5E-CF17-4F8E-8CB4-E6826A346A75}.Release|Any CPU.Build.0 = Release|Any CPU
		{74BC9B5E-CF17-4F8E-8CB4-E6826A346A75}.Release|x86.ActiveCfg = Release|Any CPU
		{74BC9B5E-CF17-4F8E-8CB4-E6826A346A75}.Release|x86.Build.0 = Release|Any CPU
		{A1982FC5-3FC6-40D2-A2C3-1B2700633E03}.Debug|Any CPU.ActiveCfg = Debug|Any CPU
		{A1982FC5-3FC6-40D2-A2C3-1B2700633E03}.Debug|Any CPU.Build.0 = Debug|Any CPU
		{A1982FC5-3FC6-40D2-A2C3-1B2700633E03}.Debug|x86.ActiveCfg = Debug|Any CPU
		{A1982FC5-3FC6-40D2-A2C3-1B2700633E03}.Debug|x86.Build.0 = Debug|Any CPU
		{A1982FC5-3FC6-40D2-A2C3-1B2700633E03}.Release|Any CPU.ActiveCfg = Release|Any CPU
		{A1982FC5-3FC6-40D2-A2C3-1B2700633E03}.Release|Any CPU.Build.0 = Release|Any CPU
		{A1982FC5-3FC6-40D2-A2C3-1B2700633E03}.Release|x86.ActiveCfg = Release|Any CPU
		{A1982FC5-3FC6-40D2-A2C3-1B2700633E03}.Release|x86.Build.0 = Release|Any CPU
		{C211898C-E969-407A-91D0-EA5DC0BE8A02}.Debug|Any CPU.ActiveCfg = Debug|Any CPU
		{C211898C-E969-407A-91D0-EA5DC0BE8A02}.Debug|Any CPU.Build.0 = Debug|Any CPU
		{C211898C-E969-407A-91D0-EA5DC0BE8A02}.Debug|x86.ActiveCfg = Debug|Any CPU
		{C211898C-E969-407A-91D0-EA5DC0BE8A02}.Debug|x86.Build.0 = Debug|Any CPU
		{C211898C-E969-407A-91D0-EA5DC0BE8A02}.Release|Any CPU.ActiveCfg = Release|Any CPU
		{C211898C-E969-407A-91D0-EA5DC0BE8A02}.Release|Any CPU.Build.0 = Release|Any CPU
		{C211898C-E969-407A-91D0-EA5DC0BE8A02}.Release|x86.ActiveCfg = Release|Any CPU
		{C211898C-E969-407A-91D0-EA5DC0BE8A02}.Release|x86.Build.0 = Release|Any CPU
		{8CCB81F6-B046-4496-B581-CB6E18AA03FC}.Debug|Any CPU.ActiveCfg = Debug|Any CPU
		{8CCB81F6-B046-4496-B581-CB6E18AA03FC}.Debug|Any CPU.Build.0 = Debug|Any CPU
		{8CCB81F6-B046-4496-B581-CB6E18AA03FC}.Debug|x86.ActiveCfg = Debug|Any CPU
		{8CCB81F6-B046-4496-B581-CB6E18AA03FC}.Debug|x86.Build.0 = Debug|Any CPU
		{8CCB81F6-B046-4496-B581-CB6E18AA03FC}.Release|Any CPU.ActiveCfg = Release|Any CPU
		{8CCB81F6-B046-4496-B581-CB6E18AA03FC}.Release|Any CPU.Build.0 = Release|Any CPU
		{8CCB81F6-B046-4496-B581-CB6E18AA03FC}.Release|x86.ActiveCfg = Release|Any CPU
		{8CCB81F6-B046-4496-B581-CB6E18AA03FC}.Release|x86.Build.0 = Release|Any CPU
		{B2EF34EB-607F-45B0-9D4E-A887DAFCD5C5}.Debug|Any CPU.ActiveCfg = Debug|Any CPU
		{B2EF34EB-607F-45B0-9D4E-A887DAFCD5C5}.Debug|Any CPU.Build.0 = Debug|Any CPU
		{B2EF34EB-607F-45B0-9D4E-A887DAFCD5C5}.Debug|x86.ActiveCfg = Debug|Any CPU
		{B2EF34EB-607F-45B0-9D4E-A887DAFCD5C5}.Debug|x86.Build.0 = Debug|Any CPU
		{B2EF34EB-607F-45B0-9D4E-A887DAFCD5C5}.Release|Any CPU.ActiveCfg = Release|Any CPU
		{B2EF34EB-607F-45B0-9D4E-A887DAFCD5C5}.Release|Any CPU.Build.0 = Release|Any CPU
		{B2EF34EB-607F-45B0-9D4E-A887DAFCD5C5}.Release|x86.ActiveCfg = Release|Any CPU
		{B2EF34EB-607F-45B0-9D4E-A887DAFCD5C5}.Release|x86.Build.0 = Release|Any CPU
		{A77960E2-96E2-441C-AB77-533A7EA8CD08}.Debug|Any CPU.ActiveCfg = Debug|Any CPU
		{A77960E2-96E2-441C-AB77-533A7EA8CD08}.Debug|Any CPU.Build.0 = Debug|Any CPU
		{A77960E2-96E2-441C-AB77-533A7EA8CD08}.Debug|x86.ActiveCfg = Debug|Any CPU
		{A77960E2-96E2-441C-AB77-533A7EA8CD08}.Debug|x86.Build.0 = Debug|Any CPU
		{A77960E2-96E2-441C-AB77-533A7EA8CD08}.Release|Any CPU.ActiveCfg = Release|Any CPU
		{A77960E2-96E2-441C-AB77-533A7EA8CD08}.Release|Any CPU.Build.0 = Release|Any CPU
		{A77960E2-96E2-441C-AB77-533A7EA8CD08}.Release|x86.ActiveCfg = Release|Any CPU
		{A77960E2-96E2-441C-AB77-533A7EA8CD08}.Release|x86.Build.0 = Release|Any CPU
		{8859DA4C-BCFB-4789-8B6D-C6EDAA64EBE5}.Debug|Any CPU.ActiveCfg = Debug|Any CPU
		{8859DA4C-BCFB-4789-8B6D-C6EDAA64EBE5}.Debug|Any CPU.Build.0 = Debug|Any CPU
		{8859DA4C-BCFB-4789-8B6D-C6EDAA64EBE5}.Debug|x86.ActiveCfg = Debug|Any CPU
		{8859DA4C-BCFB-4789-8B6D-C6EDAA64EBE5}.Debug|x86.Build.0 = Debug|Any CPU
		{8859DA4C-BCFB-4789-8B6D-C6EDAA64EBE5}.Release|Any CPU.ActiveCfg = Release|Any CPU
		{8859DA4C-BCFB-4789-8B6D-C6EDAA64EBE5}.Release|Any CPU.Build.0 = Release|Any CPU
		{8859DA4C-BCFB-4789-8B6D-C6EDAA64EBE5}.Release|x86.ActiveCfg = Release|Any CPU
		{8859DA4C-BCFB-4789-8B6D-C6EDAA64EBE5}.Release|x86.Build.0 = Release|Any CPU
		{49827F28-DA38-4662-A854-31D86478B360}.Debug|Any CPU.ActiveCfg = Debug|Any CPU
		{49827F28-DA38-4662-A854-31D86478B360}.Debug|Any CPU.Build.0 = Debug|Any CPU
		{49827F28-DA38-4662-A854-31D86478B360}.Debug|x86.ActiveCfg = Debug|Any CPU
		{49827F28-DA38-4662-A854-31D86478B360}.Debug|x86.Build.0 = Debug|Any CPU
		{49827F28-DA38-4662-A854-31D86478B360}.Release|Any CPU.ActiveCfg = Release|Any CPU
		{49827F28-DA38-4662-A854-31D86478B360}.Release|Any CPU.Build.0 = Release|Any CPU
		{49827F28-DA38-4662-A854-31D86478B360}.Release|x86.ActiveCfg = Release|Any CPU
		{49827F28-DA38-4662-A854-31D86478B360}.Release|x86.Build.0 = Release|Any CPU
		{24C3B0EC-4108-4D7F-97E9-AE57B679B40E}.Debug|Any CPU.ActiveCfg = Debug|Any CPU
		{24C3B0EC-4108-4D7F-97E9-AE57B679B40E}.Debug|Any CPU.Build.0 = Debug|Any CPU
		{24C3B0EC-4108-4D7F-97E9-AE57B679B40E}.Debug|x86.ActiveCfg = Debug|Any CPU
		{24C3B0EC-4108-4D7F-97E9-AE57B679B40E}.Debug|x86.Build.0 = Debug|Any CPU
		{24C3B0EC-4108-4D7F-97E9-AE57B679B40E}.Release|Any CPU.ActiveCfg = Release|Any CPU
		{24C3B0EC-4108-4D7F-97E9-AE57B679B40E}.Release|Any CPU.Build.0 = Release|Any CPU
		{24C3B0EC-4108-4D7F-97E9-AE57B679B40E}.Release|x86.ActiveCfg = Release|Any CPU
		{24C3B0EC-4108-4D7F-97E9-AE57B679B40E}.Release|x86.Build.0 = Release|Any CPU
	EndGlobalSection
	GlobalSection(SolutionProperties) = preSolution
		HideSolutionNode = FALSE
	EndGlobalSection
	GlobalSection(ExtensibilityGlobals) = postSolution
		SolutionGuid = {B9D4787F-A015-4452-B4E5-1E2C9669330C}
	EndGlobalSection
EndGlobal
